
Microsoft Visual Studio Solution File, Format Version 12.00
# Visual Studio Version 17
VisualStudioVersion = 17.5.33516.290
MinimumVisualStudioVersion = 10.0.40219.1
Project("{9A19103F-16F7-4668-BE54-9A1E7A4F7556}") = "KRPC2", "server\src\KRPC2.csproj", "{19FCA171-3C7C-4652-932C-33A6148024EA}"
EndProject
Project("{9A19103F-16F7-4668-BE54-9A1E7A4F7556}") = "KRPC2.SpaceCenter", "service\space_center\src\KRPC2.SpaceCenter.csproj", "{B660C8DC-DF42-411F-9E1B-0E4D98B5E459}"
EndProject
Global
	GlobalSection(SolutionConfigurationPlatforms) = preSolution
		Debug|Any CPU = Debug|Any CPU
		Release|Any CPU = Release|Any CPU
	EndGlobalSection
	GlobalSection(ProjectConfigurationPlatforms) = postSolution
		{19FCA171-3C7C-4652-932C-33A6148024EA}.Debug|Any CPU.ActiveCfg = Debug|Any CPU
		{19FCA171-3C7C-4652-932C-33A6148024EA}.Debug|Any CPU.Build.0 = Debug|Any CPU
		{19FCA171-3C7C-4652-932C-33A6148024EA}.Release|Any CPU.ActiveCfg = Release|Any CPU
		{19FCA171-3C7C-4652-932C-33A6148024EA}.Release|Any CPU.Build.0 = Release|Any CPU
		{B660C8DC-DF42-411F-9E1B-0E4D98B5E459}.Debug|Any CPU.ActiveCfg = Debug|Any CPU
		{B660C8DC-DF42-411F-9E1B-0E4D98B5E459}.Debug|Any CPU.Build.0 = Debug|Any CPU
		{B660C8DC-DF42-411F-9E1B-0E4D98B5E459}.Release|Any CPU.ActiveCfg = Release|Any CPU
		{B660C8DC-DF42-411F-9E1B-0E4D98B5E459}.Release|Any CPU.Build.0 = Release|Any CPU
	EndGlobalSection
	GlobalSection(SolutionProperties) = preSolution
		HideSolutionNode = FALSE
	EndGlobalSection
	GlobalSection(ExtensibilityGlobals) = postSolution
		SolutionGuid = {64BE9469-7875-4D6B-98D9-61E7E0DE863B}
	EndGlobalSection
EndGlobal
